
Microsoft Visual Studio Solution File, Format Version 12.00
# Visual Studio Version 17
VisualStudioVersion = 17.10.34916.146
MinimumVisualStudioVersion = 10.0.40219.1
Project("{9A19103F-16F7-4668-BE54-9A1E7A4F7556}") = "JewelAPI", "JewelAPI.csproj", "{7939AFC1-EF07-4157-B7A9-B98838FE32FF}"
EndProject
Project("{9A19103F-16F7-4668-BE54-9A1E7A4F7556}") = "JewelBO", "..\JewelBO\JewelBO.csproj", "{02C1DF81-4C86-4CBD-96FC-0184D9446A79}"
EndProject
Project("{9A19103F-16F7-4668-BE54-9A1E7A4F7556}") = "JewelService", "..\JewelService\JewelService.csproj", "{F680FAD1-BCFF-46CD-BB4E-09BAB7FEEB92}"
EndProject
Project("{9A19103F-16F7-4668-BE54-9A1E7A4F7556}") = "JewelDAO", "..\JewelDAO\JewelDAO.csproj", "{023EBCBF-20AB-443C-B34A-8CF2057FDB4D}"
EndProject
Project("{9A19103F-16F7-4668-BE54-9A1E7A4F7556}") = "JewelRepository", "..\JewelRepository\JewelRepository.csproj", "{98125A1B-C41F-4B5A-95FB-833CA0746EAB}"
EndProject
Project("{9A19103F-16F7-4668-BE54-9A1E7A4F7556}") = "JewelDTO", "..\JewelDTO\JewelDTO.csproj", "{C5AA8B0C-6720-4A6E-8262-AF7C5EEB2BBB}"
EndProject
Global
	GlobalSection(SolutionConfigurationPlatforms) = preSolution
		Debug|Any CPU = Debug|Any CPU
		Release|Any CPU = Release|Any CPU
	EndGlobalSection
	GlobalSection(ProjectConfigurationPlatforms) = postSolution
		{7939AFC1-EF07-4157-B7A9-B98838FE32FF}.Debug|Any CPU.ActiveCfg = Debug|Any CPU
		{7939AFC1-EF07-4157-B7A9-B98838FE32FF}.Debug|Any CPU.Build.0 = Debug|Any CPU
		{7939AFC1-EF07-4157-B7A9-B98838FE32FF}.Release|Any CPU.ActiveCfg = Release|Any CPU
		{7939AFC1-EF07-4157-B7A9-B98838FE32FF}.Release|Any CPU.Build.0 = Release|Any CPU
		{02C1DF81-4C86-4CBD-96FC-0184D9446A79}.Debug|Any CPU.ActiveCfg = Debug|Any CPU
		{02C1DF81-4C86-4CBD-96FC-0184D9446A79}.Debug|Any CPU.Build.0 = Debug|Any CPU
		{02C1DF81-4C86-4CBD-96FC-0184D9446A79}.Release|Any CPU.ActiveCfg = Release|Any CPU
		{02C1DF81-4C86-4CBD-96FC-0184D9446A79}.Release|Any CPU.Build.0 = Release|Any CPU
		{F680FAD1-BCFF-46CD-BB4E-09BAB7FEEB92}.Debug|Any CPU.ActiveCfg = Debug|Any CPU
		{F680FAD1-BCFF-46CD-BB4E-09BAB7FEEB92}.Debug|Any CPU.Build.0 = Debug|Any CPU
		{F680FAD1-BCFF-46CD-BB4E-09BAB7FEEB92}.Release|Any CPU.ActiveCfg = Release|Any CPU
		{F680FAD1-BCFF-46CD-BB4E-09BAB7FEEB92}.Release|Any CPU.Build.0 = Release|Any CPU
		{023EBCBF-20AB-443C-B34A-8CF2057FDB4D}.Debug|Any CPU.ActiveCfg = Debug|Any CPU
		{023EBCBF-20AB-443C-B34A-8CF2057FDB4D}.Debug|Any CPU.Build.0 = Debug|Any CPU
		{023EBCBF-20AB-443C-B34A-8CF2057FDB4D}.Release|Any CPU.ActiveCfg = Release|Any CPU
		{023EBCBF-20AB-443C-B34A-8CF2057FDB4D}.Release|Any CPU.Build.0 = Release|Any CPU
		{98125A1B-C41F-4B5A-95FB-833CA0746EAB}.Debug|Any CPU.ActiveCfg = Debug|Any CPU
		{98125A1B-C41F-4B5A-95FB-833CA0746EAB}.Debug|Any CPU.Build.0 = Debug|Any CPU
		{98125A1B-C41F-4B5A-95FB-833CA0746EAB}.Release|Any CPU.ActiveCfg = Release|Any CPU
		{98125A1B-C41F-4B5A-95FB-833CA0746EAB}.Release|Any CPU.Build.0 = Release|Any CPU
		{C5AA8B0C-6720-4A6E-8262-AF7C5EEB2BBB}.Debug|Any CPU.ActiveCfg = Debug|Any CPU
		{C5AA8B0C-6720-4A6E-8262-AF7C5EEB2BBB}.Debug|Any CPU.Build.0 = Debug|Any CPU
		{C5AA8B0C-6720-4A6E-8262-AF7C5EEB2BBB}.Release|Any CPU.ActiveCfg = Release|Any CPU
		{C5AA8B0C-6720-4A6E-8262-AF7C5EEB2BBB}.Release|Any CPU.Build.0 = Release|Any CPU
	EndGlobalSection
	GlobalSection(SolutionProperties) = preSolution
		HideSolutionNode = FALSE
	EndGlobalSection
	GlobalSection(ExtensibilityGlobals) = postSolution
		SolutionGuid = {06D99E61-1B19-45E2-8340-21D12C53DB79}
	EndGlobalSection
EndGlobal
